
Microsoft Visual Studio Solution File, Format Version 12.00
# Visual Studio Version 17
VisualStudioVersion = 17.11.35312.102
MinimumVisualStudioVersion = 10.0.40219.1
Project("{FAE04EC0-301F-11D3-BF4B-00C04F79EFBC}") = "ConsoleApp3", "ConsoleApp3.csproj", "{447C2A48-7377-4506-A8D2-D9D7BAACA0CF}"
EndProject
Global
	GlobalSection(SolutionConfigurationPlatforms) = preSolution
		Debug|Any CPU = Debug|Any CPU
		Release|Any CPU = Release|Any CPU
	EndGlobalSection
	GlobalSection(ProjectConfigurationPlatforms) = postSolution
		{447C2A48-7377-4506-A8D2-D9D7BAACA0CF}.Debug|Any CPU.ActiveCfg = Debug|Any CPU
		{447C2A48-7377-4506-A8D2-D9D7BAACA0CF}.Debug|Any CPU.Build.0 = Debug|Any CPU
		{447C2A48-7377-4506-A8D2-D9D7BAACA0CF}.Release|Any CPU.ActiveCfg = Release|Any CPU
		{447C2A48-7377-4506-A8D2-D9D7BAACA0CF}.Release|Any CPU.Build.0 = Release|Any CPU
	EndGlobalSection
	GlobalSection(SolutionProperties) = preSolution
		HideSolutionNode = FALSE
	EndGlobalSection
	GlobalSection(ExtensibilityGlobals) = postSolution
		SolutionGuid = {E717E541-1D6E-4AB6-88B2-5833E49CB875}
	EndGlobalSection
EndGlobal
